
Microsoft Visual Studio Solution File, Format Version 12.00
# Visual Studio Version 17
VisualStudioVersion = 17.0.31903.59
MinimumVisualStudioVersion = 10.0.40219.1
Project("{2150E333-8FDC-42A3-9474-1A3956D46DE8}") = "Frontend", "Frontend", "{3D26D9FD-4017-4C26-A575-326A70093B9E}"
EndProject
Project("{FAE04EC0-301F-11D3-BF4B-00C04F79EFBC}") = "GeekShopping.Web", "Frontend\GeekShopping.Web\GeekShopping.Web.csproj", "{5E7B5D46-DCD2-4F8D-872C-54AF6D0014B1}"
EndProject
Project("{2150E333-8FDC-42A3-9474-1A3956D46DE8}") = "Services", "Services", "{380C85BB-5DC0-48CB-A085-7A96F03FA404}"
EndProject
Project("{FAE04EC0-301F-11D3-BF4B-00C04F79EFBC}") = "GeekShopping.ProductApi", "Services\GeekShopping.ProductApi\GeekShopping.ProductApi.csproj", "{D8E80AAA-2848-4788-9AC1-7ED8FD554DA4}"
EndProject
Project("{FAE04EC0-301F-11D3-BF4B-00C04F79EFBC}") = "GeekShopping.IdentityServer", "Services\GeekShopping.IdentityServer\GeekShopping.IdentityServer.csproj", "{3850AD1F-C370-4616-A58A-58712456AEFC}"
EndProject
Project("{FAE04EC0-301F-11D3-BF4B-00C04F79EFBC}") = "GeekShopping.CartApi", "Services\GeekShopping.CartApi\GeekShopping.CartApi.csproj", "{A0874BC9-7EF4-405C-9CAF-894E9E8F46D8}"
EndProject
Project("{FAE04EC0-301F-11D3-BF4B-00C04F79EFBC}") = "GeekShopping.CouponApi", "Services\GeekShopping.CouponApi\GeekShopping.CouponApi.csproj", "{7C8350CC-DE5F-401D-944A-982F11F984A5}"
EndProject
Project("{2150E333-8FDC-42A3-9474-1A3956D46DE8}") = "Integration", "Integration", "{AFB5CB9C-E8E9-4224-8914-16688BD86C9E}"
EndProject
Project("{FAE04EC0-301F-11D3-BF4B-00C04F79EFBC}") = "GeekShopping.MessageBus", "Integration\GeekShopping.MessageBus\GeekShopping.MessageBus.csproj", "{2E4B6CCA-1F68-4504-A143-37F4BD6DC496}"
EndProject
Project("{FAE04EC0-301F-11D3-BF4B-00C04F79EFBC}") = "GeekShopping.OrderApi", "Services\GeekShopping.OrderApi\GeekShopping.OrderApi.csproj", "{B5124361-3156-4E07-AFE9-CBA01B614C6D}"
EndProject
Project("{2150E333-8FDC-42A3-9474-1A3956D46DE8}") = "Payments", "Payments", "{69573365-AA29-4005-8AC9-3B892FDC0E20}"
EndProject
Project("{FAE04EC0-301F-11D3-BF4B-00C04F79EFBC}") = "GeekShopping.PaymentProcessor", "Payments\GeekShopping.PaymentProcessor\GeekShopping.PaymentProcessor.csproj", "{2EBBE6C2-F2AB-4D5A-9A22-1BC560716D7B}"
EndProject
Project("{FAE04EC0-301F-11D3-BF4B-00C04F79EFBC}") = "GeekShopping.PaymentApi", "Services\GeekShopping.PaymentApi\GeekShopping.PaymentApi.csproj", "{BF2E4D2F-56DF-43C4-819C-2568B129FEB0}"
EndProject
Project("{FAE04EC0-301F-11D3-BF4B-00C04F79EFBC}") = "GeekShopping.Email", "Services\GeekShopping.Email\GeekShopping.Email.csproj", "{D1C9F7F2-85CB-4653-B815-3C508B7EB621}"
EndProject
Project("{2150E333-8FDC-42A3-9474-1A3956D46DE8}") = "Gateway", "Gateway", "{9ABD95A2-1F66-43D0-83B6-18448C18B6E0}"
EndProject
Project("{FAE04EC0-301F-11D3-BF4B-00C04F79EFBC}") = "GeekShopping.ApiGateway", "Gateway\GeekShopping.ApiGateway\GeekShopping.ApiGateway.csproj", "{DC8EFCE9-45C8-4C7D-A848-70F06B517480}"
EndProject
Global
	GlobalSection(SolutionConfigurationPlatforms) = preSolution
		Debug|Any CPU = Debug|Any CPU
		Release|Any CPU = Release|Any CPU
	EndGlobalSection
	GlobalSection(SolutionProperties) = preSolution
		HideSolutionNode = FALSE
	EndGlobalSection
	GlobalSection(ProjectConfigurationPlatforms) = postSolution
		{5E7B5D46-DCD2-4F8D-872C-54AF6D0014B1}.Debug|Any CPU.ActiveCfg = Debug|Any CPU
		{5E7B5D46-DCD2-4F8D-872C-54AF6D0014B1}.Debug|Any CPU.Build.0 = Debug|Any CPU
		{5E7B5D46-DCD2-4F8D-872C-54AF6D0014B1}.Release|Any CPU.ActiveCfg = Release|Any CPU
		{5E7B5D46-DCD2-4F8D-872C-54AF6D0014B1}.Release|Any CPU.Build.0 = Release|Any CPU
		{D8E80AAA-2848-4788-9AC1-7ED8FD554DA4}.Debug|Any CPU.ActiveCfg = Debug|Any CPU
		{D8E80AAA-2848-4788-9AC1-7ED8FD554DA4}.Debug|Any CPU.Build.0 = Debug|Any CPU
		{D8E80AAA-2848-4788-9AC1-7ED8FD554DA4}.Release|Any CPU.ActiveCfg = Release|Any CPU
		{D8E80AAA-2848-4788-9AC1-7ED8FD554DA4}.Release|Any CPU.Build.0 = Release|Any CPU
		{3850AD1F-C370-4616-A58A-58712456AEFC}.Debug|Any CPU.ActiveCfg = Debug|Any CPU
		{3850AD1F-C370-4616-A58A-58712456AEFC}.Debug|Any CPU.Build.0 = Debug|Any CPU
		{3850AD1F-C370-4616-A58A-58712456AEFC}.Release|Any CPU.ActiveCfg = Release|Any CPU
		{3850AD1F-C370-4616-A58A-58712456AEFC}.Release|Any CPU.Build.0 = Release|Any CPU
		{A0874BC9-7EF4-405C-9CAF-894E9E8F46D8}.Debug|Any CPU.ActiveCfg = Debug|Any CPU
		{A0874BC9-7EF4-405C-9CAF-894E9E8F46D8}.Debug|Any CPU.Build.0 = Debug|Any CPU
		{A0874BC9-7EF4-405C-9CAF-894E9E8F46D8}.Release|Any CPU.ActiveCfg = Release|Any CPU
		{A0874BC9-7EF4-405C-9CAF-894E9E8F46D8}.Release|Any CPU.Build.0 = Release|Any CPU
		{7C8350CC-DE5F-401D-944A-982F11F984A5}.Debug|Any CPU.ActiveCfg = Debug|Any CPU
		{7C8350CC-DE5F-401D-944A-982F11F984A5}.Debug|Any CPU.Build.0 = Debug|Any CPU
		{7C8350CC-DE5F-401D-944A-982F11F984A5}.Release|Any CPU.ActiveCfg = Release|Any CPU
		{7C8350CC-DE5F-401D-944A-982F11F984A5}.Release|Any CPU.Build.0 = Release|Any CPU
		{2E4B6CCA-1F68-4504-A143-37F4BD6DC496}.Debug|Any CPU.ActiveCfg = Debug|Any CPU
		{2E4B6CCA-1F68-4504-A143-37F4BD6DC496}.Debug|Any CPU.Build.0 = Debug|Any CPU
		{2E4B6CCA-1F68-4504-A143-37F4BD6DC496}.Release|Any CPU.ActiveCfg = Release|Any CPU
		{2E4B6CCA-1F68-4504-A143-37F4BD6DC496}.Release|Any CPU.Build.0 = Release|Any CPU
		{B5124361-3156-4E07-AFE9-CBA01B614C6D}.Debug|Any CPU.ActiveCfg = Debug|Any CPU
		{B5124361-3156-4E07-AFE9-CBA01B614C6D}.Debug|Any CPU.Build.0 = Debug|Any CPU
		{B5124361-3156-4E07-AFE9-CBA01B614C6D}.Release|Any CPU.ActiveCfg = Release|Any CPU
		{B5124361-3156-4E07-AFE9-CBA01B614C6D}.Release|Any CPU.Build.0 = Release|Any CPU
		{2EBBE6C2-F2AB-4D5A-9A22-1BC560716D7B}.Debug|Any CPU.ActiveCfg = Debug|Any CPU
		{2EBBE6C2-F2AB-4D5A-9A22-1BC560716D7B}.Debug|Any CPU.Build.0 = Debug|Any CPU
		{2EBBE6C2-F2AB-4D5A-9A22-1BC560716D7B}.Release|Any CPU.ActiveCfg = Release|Any CPU
		{2EBBE6C2-F2AB-4D5A-9A22-1BC560716D7B}.Release|Any CPU.Build.0 = Release|Any CPU
		{BF2E4D2F-56DF-43C4-819C-2568B129FEB0}.Debug|Any CPU.ActiveCfg = Debug|Any CPU
		{BF2E4D2F-56DF-43C4-819C-2568B129FEB0}.Debug|Any CPU.Build.0 = Debug|Any CPU
		{BF2E4D2F-56DF-43C4-819C-2568B129FEB0}.Release|Any CPU.ActiveCfg = Release|Any CPU
		{BF2E4D2F-56DF-43C4-819C-2568B129FEB0}.Release|Any CPU.Build.0 = Release|Any CPU
		{D1C9F7F2-85CB-4653-B815-3C508B7EB621}.Debug|Any CPU.ActiveCfg = Debug|Any CPU
		{D1C9F7F2-85CB-4653-B815-3C508B7EB621}.Debug|Any CPU.Build.0 = Debug|Any CPU
		{D1C9F7F2-85CB-4653-B815-3C508B7EB621}.Release|Any CPU.ActiveCfg = Release|Any CPU
		{D1C9F7F2-85CB-4653-B815-3C508B7EB621}.Release|Any CPU.Build.0 = Release|Any CPU
		{DC8EFCE9-45C8-4C7D-A848-70F06B517480}.Debug|Any CPU.ActiveCfg = Debug|Any CPU
		{DC8EFCE9-45C8-4C7D-A848-70F06B517480}.Debug|Any CPU.Build.0 = Debug|Any CPU
		{DC8EFCE9-45C8-4C7D-A848-70F06B517480}.Release|Any CPU.ActiveCfg = Release|Any CPU
		{DC8EFCE9-45C8-4C7D-A848-70F06B517480}.Release|Any CPU.Build.0 = Release|Any CPU
	EndGlobalSection
	GlobalSection(NestedProjects) = preSolution
		{5E7B5D46-DCD2-4F8D-872C-54AF6D0014B1} = {3D26D9FD-4017-4C26-A575-326A70093B9E}
		{D8E80AAA-2848-4788-9AC1-7ED8FD554DA4} = {380C85BB-5DC0-48CB-A085-7A96F03FA404}
		{3850AD1F-C370-4616-A58A-58712456AEFC} = {380C85BB-5DC0-48CB-A085-7A96F03FA404}
		{A0874BC9-7EF4-405C-9CAF-894E9E8F46D8} = {380C85BB-5DC0-48CB-A085-7A96F03FA404}
		{7C8350CC-DE5F-401D-944A-982F11F984A5} = {380C85BB-5DC0-48CB-A085-7A96F03FA404}
		{2E4B6CCA-1F68-4504-A143-37F4BD6DC496} = {AFB5CB9C-E8E9-4224-8914-16688BD86C9E}
		{B5124361-3156-4E07-AFE9-CBA01B614C6D} = {380C85BB-5DC0-48CB-A085-7A96F03FA404}
		{2EBBE6C2-F2AB-4D5A-9A22-1BC560716D7B} = {69573365-AA29-4005-8AC9-3B892FDC0E20}
		{BF2E4D2F-56DF-43C4-819C-2568B129FEB0} = {380C85BB-5DC0-48CB-A085-7A96F03FA404}
		{D1C9F7F2-85CB-4653-B815-3C508B7EB621} = {380C85BB-5DC0-48CB-A085-7A96F03FA404}
		{DC8EFCE9-45C8-4C7D-A848-70F06B517480} = {9ABD95A2-1F66-43D0-83B6-18448C18B6E0}
	EndGlobalSection
EndGlobal
